
Microsoft Visual Studio Solution File, Format Version 12.00
# Visual Studio Version 16
VisualStudioVersion = 16.0.31727.386
MinimumVisualStudioVersion = 10.0.40219.1
Project("{FAE04EC0-301F-11D3-BF4B-00C04F79EFBC}") = "Proyecto Final", "Proyecto Final\Proyecto Final.csproj", "{E86F4C09-E468-4007-9B89-84E917B2E5F6}"
EndProject
Project("{9A19103F-16F7-4668-BE54-9A1E7A4F7556}") = "DataAccess", "DataAccess\DataAccess.csproj", "{04835C29-1B79-46CC-9E9E-522E2AADEF02}"
EndProject
Project("{9A19103F-16F7-4668-BE54-9A1E7A4F7556}") = "Domain", "Domain\Domain.csproj", "{49E1D81B-E79F-40EB-BD77-BE24B28F3399}"
EndProject
Project("{2150E333-8FDC-42A3-9474-1A3956D46DE8}") = "Solution Items", "Solution Items", "{53CBFB40-4142-4CAB-862C-6B94A5858A3C}"
	ProjectSection(SolutionItems) = preProject
		.editorconfig = .editorconfig
	EndProjectSection
EndProject
Project("{FAE04EC0-301F-11D3-BF4B-00C04F79EFBC}") = "CapaDeSoporte", "CapaDeSoporte\CapaDeSoporte.csproj", "{77BE8227-C09A-4903-9CEA-980F247EF31C}"
EndProject
Global
	GlobalSection(SolutionConfigurationPlatforms) = preSolution
		Debug|Any CPU = Debug|Any CPU
		Release|Any CPU = Release|Any CPU
	EndGlobalSection
	GlobalSection(ProjectConfigurationPlatforms) = postSolution
		{E86F4C09-E468-4007-9B89-84E917B2E5F6}.Debug|Any CPU.ActiveCfg = Debug|Any CPU
		{E86F4C09-E468-4007-9B89-84E917B2E5F6}.Debug|Any CPU.Build.0 = Debug|Any CPU
		{E86F4C09-E468-4007-9B89-84E917B2E5F6}.Release|Any CPU.ActiveCfg = Release|Any CPU
		{E86F4C09-E468-4007-9B89-84E917B2E5F6}.Release|Any CPU.Build.0 = Release|Any CPU
		{04835C29-1B79-46CC-9E9E-522E2AADEF02}.Debug|Any CPU.ActiveCfg = Debug|Any CPU
		{04835C29-1B79-46CC-9E9E-522E2AADEF02}.Debug|Any CPU.Build.0 = Debug|Any CPU
		{04835C29-1B79-46CC-9E9E-522E2AADEF02}.Release|Any CPU.ActiveCfg = Release|Any CPU
		{04835C29-1B79-46CC-9E9E-522E2AADEF02}.Release|Any CPU.Build.0 = Release|Any CPU
		{49E1D81B-E79F-40EB-BD77-BE24B28F3399}.Debug|Any CPU.ActiveCfg = Debug|Any CPU
		{49E1D81B-E79F-40EB-BD77-BE24B28F3399}.Debug|Any CPU.Build.0 = Debug|Any CPU
		{49E1D81B-E79F-40EB-BD77-BE24B28F3399}.Release|Any CPU.ActiveCfg = Release|Any CPU
		{49E1D81B-E79F-40EB-BD77-BE24B28F3399}.Release|Any CPU.Build.0 = Release|Any CPU
		{77BE8227-C09A-4903-9CEA-980F247EF31C}.Debug|Any CPU.ActiveCfg = Debug|Any CPU
		{77BE8227-C09A-4903-9CEA-980F247EF31C}.Debug|Any CPU.Build.0 = Debug|Any CPU
		{77BE8227-C09A-4903-9CEA-980F247EF31C}.Release|Any CPU.ActiveCfg = Release|Any CPU
		{77BE8227-C09A-4903-9CEA-980F247EF31C}.Release|Any CPU.Build.0 = Release|Any CPU
	EndGlobalSection
	GlobalSection(SolutionProperties) = preSolution
		HideSolutionNode = FALSE
	EndGlobalSection
	GlobalSection(ExtensibilityGlobals) = postSolution
		SolutionGuid = {0B5C6F78-4870-4D67-859A-02D90B95D3FA}
	EndGlobalSection
EndGlobal
